// !$*UTF8*$!
{
	archiveVersion = 1;
	classes = {
	};
	objectVersion = 77;
	objects = {

/* Begin PBXContainerItemProxy section */
		43688B182CBB0C4B00ADBFD9 /* PBXContainerItemProxy */ = {
			isa = PBXContainerItemProxy;
			containerPortal = 43688AFF2CBB0C4900ADBFD9 /* Project object */;
			proxyType = 1;
			remoteGlobalIDString = 43688B062CBB0C4900ADBFD9;
			remoteInfo = DubHacks24;
		};
		43688B222CBB0C4B00ADBFD9 /* PBXContainerItemProxy */ = {
			isa = PBXContainerItemProxy;
			containerPortal = 43688AFF2CBB0C4900ADBFD9 /* Project object */;
			proxyType = 1;
			remoteGlobalIDString = 43688B062CBB0C4900ADBFD9;
			remoteInfo = DubHacks24;
		};
/* End PBXContainerItemProxy section */

/* Begin PBXFileReference section */
		43688B072CBB0C4900ADBFD9 /* DubHacks24.app */ = {isa = PBXFileReference; explicitFileType = wrapper.application; includeInIndex = 0; path = DubHacks24.app; sourceTree = BUILT_PRODUCTS_DIR; };
		43688B172CBB0C4B00ADBFD9 /* DubHacks24Tests.xctest */ = {isa = PBXFileReference; explicitFileType = wrapper.cfbundle; includeInIndex = 0; path = DubHacks24Tests.xctest; sourceTree = BUILT_PRODUCTS_DIR; };
		43688B212CBB0C4B00ADBFD9 /* DubHacks24UITests.xctest */ = {isa = PBXFileReference; explicitFileType = wrapper.cfbundle; includeInIndex = 0; path = DubHacks24UITests.xctest; sourceTree = BUILT_PRODUCTS_DIR; };
/* End PBXFileReference section */

/* Begin PBXFileSystemSynchronizedRootGroup section */
		43688B092CBB0C4900ADBFD9 /* DubHacks24 */ = {
			isa = PBXFileSystemSynchronizedRootGroup;
			path = DubHacks24;
			sourceTree = "<group>";
		};
		43688B1A2CBB0C4B00ADBFD9 /* DubHacks24Tests */ = {
			isa = PBXFileSystemSynchronizedRootGroup;
			path = DubHacks24Tests;
			sourceTree = "<group>";
		};
		43688B242CBB0C4B00ADBFD9 /* DubHacks24UITests */ = {
			isa = PBXFileSystemSynchronizedRootGroup;
			path = DubHacks24UITests;
			sourceTree = "<group>";
		};
/* End PBXFileSystemSynchronizedRootGroup section */

/* Begin PBXFrameworksBuildPhase section */
		43688B042CBB0C4900ADBFD9 /* Frameworks */ = {
			isa = PBXFrameworksBuildPhase;
			buildActionMask = 2147483647;
			files = (
			);
			runOnlyForDeploymentPostprocessing = 0;
		};
		43688B142CBB0C4B00ADBFD9 /* Frameworks */ = {
			isa = PBXFrameworksBuildPhase;
			buildActionMask = 2147483647;
			files = (
			);
			runOnlyForDeploymentPostprocessing = 0;
		};
		43688B1E2CBB0C4B00ADBFD9 /* Frameworks */ = {
			isa = PBXFrameworksBuildPhase;
			buildActionMask = 2147483647;
			files = (
			);
			runOnlyForDeploymentPostprocessing = 0;
		};
/* End PBXFrameworksBuildPhase section */

/* Begin PBXGroup section */
		43688AFE2CBB0C4900ADBFD9 = {
			isa = PBXGroup;
			children = (
				43688B092CBB0C4900ADBFD9 /* DubHacks24 */,
				43688B1A2CBB0C4B00ADBFD9 /* DubHacks24Tests */,
				43688B242CBB0C4B00ADBFD9 /* DubHacks24UITests */,
				43688B082CBB0C4900ADBFD9 /* Products */,
			);
			sourceTree = "<group>";
		};
		43688B082CBB0C4900ADBFD9 /* Products */ = {
			isa = PBXGroup;
			children = (
				43688B072CBB0C4900ADBFD9 /* DubHacks24.app */,
				43688B172CBB0C4B00ADBFD9 /* DubHacks24Tests.xctest */,
				43688B212CBB0C4B00ADBFD9 /* DubHacks24UITests.xctest */,
			);
			name = Products;
			sourceTree = "<group>";
		};
/* End PBXGroup section */

/* Begin PBXNativeTarget section */
		43688B062CBB0C4900ADBFD9 /* DubHacks24 */ = {
			isa = PBXNativeTarget;
			buildConfigurationList = 43688B2B2CBB0C4B00ADBFD9 /* Build configuration list for PBXNativeTarget "DubHacks24" */;
			buildPhases = (
				43688B032CBB0C4900ADBFD9 /* Sources */,
				43688B042CBB0C4900ADBFD9 /* Frameworks */,
				43688B052CBB0C4900ADBFD9 /* Resources */,
			);
			buildRules = (
			);
			dependencies = (
			);
			fileSystemSynchronizedGroups = (
				43688B092CBB0C4900ADBFD9 /* DubHacks24 */,
			);
			name = DubHacks24;
			packageProductDependencies = (
			);
			productName = DubHacks24;
			productReference = 43688B072CBB0C4900ADBFD9 /* DubHacks24.app */;
			productType = "com.apple.product-type.application";
		};
		43688B162CBB0C4B00ADBFD9 /* DubHacks24Tests */ = {
			isa = PBXNativeTarget;
			buildConfigurationList = 43688B2E2CBB0C4B00ADBFD9 /* Build configuration list for PBXNativeTarget "DubHacks24Tests" */;
			buildPhases = (
				43688B132CBB0C4B00ADBFD9 /* Sources */,
				43688B142CBB0C4B00ADBFD9 /* Frameworks */,
				43688B152CBB0C4B00ADBFD9 /* Resources */,
			);
			buildRules = (
			);
			dependencies = (
				43688B192CBB0C4B00ADBFD9 /* PBXTargetDependency */,
			);
			fileSystemSynchronizedGroups = (
				43688B1A2CBB0C4B00ADBFD9 /* DubHacks24Tests */,
			);
			name = DubHacks24Tests;
			packageProductDependencies = (
			);
			productName = DubHacks24Tests;
			productReference = 43688B172CBB0C4B00ADBFD9 /* DubHacks24Tests.xctest */;
			productType = "com.apple.product-type.bundle.unit-test";
		};
		43688B202CBB0C4B00ADBFD9 /* DubHacks24UITests */ = {
			isa = PBXNativeTarget;
			buildConfigurationList = 43688B312CBB0C4B00ADBFD9 /* Build configuration list for PBXNativeTarget "DubHacks24UITests" */;
			buildPhases = (
				43688B1D2CBB0C4B00ADBFD9 /* Sources */,
				43688B1E2CBB0C4B00ADBFD9 /* Frameworks */,
				43688B1F2CBB0C4B00ADBFD9 /* Resources */,
			);
			buildRules = (
			);
			dependencies = (
				43688B232CBB0C4B00ADBFD9 /* PBXTargetDependency */,
			);
			fileSystemSynchronizedGroups = (
				43688B242CBB0C4B00ADBFD9 /* DubHacks24UITests */,
			);
			name = DubHacks24UITests;
			packageProductDependencies = (
			);
			productName = DubHacks24UITests;
			productReference = 43688B212CBB0C4B00ADBFD9 /* DubHacks24UITests.xctest */;
			productType = "com.apple.product-type.bundle.ui-testing";
		};
/* End PBXNativeTarget section */

/* Begin PBXProject section */
		43688AFF2CBB0C4900ADBFD9 /* Project object */ = {
			isa = PBXProject;
			attributes = {
				BuildIndependentTargetsInParallel = 1;
				LastSwiftUpdateCheck = 1600;
				LastUpgradeCheck = 1600;
				TargetAttributes = {
					43688B062CBB0C4900ADBFD9 = {
						CreatedOnToolsVersion = 16.0;
					};
					43688B162CBB0C4B00ADBFD9 = {
						CreatedOnToolsVersion = 16.0;
						TestTargetID = 43688B062CBB0C4900ADBFD9;
					};
					43688B202CBB0C4B00ADBFD9 = {
						CreatedOnToolsVersion = 16.0;
						TestTargetID = 43688B062CBB0C4900ADBFD9;
					};
				};
			};
			buildConfigurationList = 43688B022CBB0C4900ADBFD9 /* Build configuration list for PBXProject "DubHacks24" */;
			developmentRegion = en;
			hasScannedForEncodings = 0;
			knownRegions = (
				en,
				Base,
			);
			mainGroup = 43688AFE2CBB0C4900ADBFD9;
			minimizedProjectReferenceProxies = 1;
			preferredProjectObjectVersion = 77;
			productRefGroup = 43688B082CBB0C4900ADBFD9 /* Products */;
			projectDirPath = "";
			projectRoot = "";
			targets = (
				43688B062CBB0C4900ADBFD9 /* DubHacks24 */,
				43688B162CBB0C4B00ADBFD9 /* DubHacks24Tests */,
				43688B202CBB0C4B00ADBFD9 /* DubHacks24UITests */,
			);
		};
/* End PBXProject section */

/* Begin PBXResourcesBuildPhase section */
		43688B052CBB0C4900ADBFD9 /* Resources */ = {
			isa = PBXResourcesBuildPhase;
			buildActionMask = 2147483647;
			files = (
			);
			runOnlyForDeploymentPostprocessing = 0;
		};
		43688B152CBB0C4B00ADBFD9 /* Resources */ = {
			isa = PBXResourcesBuildPhase;
			buildActionMask = 2147483647;
			files = (
			);
			runOnlyForDeploymentPostprocessing = 0;
		};
		43688B1F2CBB0C4B00ADBFD9 /* Resources */ = {
			isa = PBXResourcesBuildPhase;
			buildActionMask = 2147483647;
			files = (
			);
			runOnlyForDeploymentPostprocessing = 0;
		};
/* End PBXResourcesBuildPhase section */

/* Begin PBXSourcesBuildPhase section */
		43688B032CBB0C4900ADBFD9 /* Sources */ = {
			isa = PBXSourcesBuildPhase;
			buildActionMask = 2147483647;
			files = (
			);
			runOnlyForDeploymentPostprocessing = 0;
		};
		43688B132CBB0C4B00ADBFD9 /* Sources */ = {
			isa = PBXSourcesBuildPhase;
			buildActionMask = 2147483647;
			files = (
			);
			runOnlyForDeploymentPostprocessing = 0;
		};
		43688B1D2CBB0C4B00ADBFD9 /* Sources */ = {
			isa = PBXSourcesBuildPhase;
			buildActionMask = 2147483647;
			files = (
			);
			runOnlyForDeploymentPostprocessing = 0;
		};
/* End PBXSourcesBuildPhase section */

/* Begin PBXTargetDependency section */
		43688B192CBB0C4B00ADBFD9 /* PBXTargetDependency */ = {
			isa = PBXTargetDependency;
			target = 43688B062CBB0C4900ADBFD9 /* DubHacks24 */;
			targetProxy = 43688B182CBB0C4B00ADBFD9 /* PBXContainerItemProxy */;
		};
		43688B232CBB0C4B00ADBFD9 /* PBXTargetDependency */ = {
			isa = PBXTargetDependency;
			target = 43688B062CBB0C4900ADBFD9 /* DubHacks24 */;
			targetProxy = 43688B222CBB0C4B00ADBFD9 /* PBXContainerItemProxy */;
		};
/* End PBXTargetDependency section */

/* Begin XCBuildConfiguration section */
		43688B292CBB0C4B00ADBFD9 /* Debug */ = {
			isa = XCBuildConfiguration;
			buildSettings = {
				ALWAYS_SEARCH_USER_PATHS = NO;
				ASSETCATALOG_COMPILER_GENERATE_SWIFT_ASSET_SYMBOL_EXTENSIONS = YES;
				CLANG_ANALYZER_NONNULL = YES;
				CLANG_ANALYZER_NUMBER_OBJECT_CONVERSION = YES_AGGRESSIVE;
				CLANG_CXX_LANGUAGE_STANDARD = "gnu++20";
				CLANG_ENABLE_MODULES = YES;
				CLANG_ENABLE_OBJC_ARC = YES;
				CLANG_ENABLE_OBJC_WEAK = YES;
				CLANG_WARN_BLOCK_CAPTURE_AUTORELEASING = YES;
				CLANG_WARN_BOOL_CONVERSION = YES;
				CLANG_WARN_COMMA = YES;
				CLANG_WARN_CONSTANT_CONVERSION = YES;
				CLANG_WARN_DEPRECATED_OBJC_IMPLEMENTATIONS = YES;
				CLANG_WARN_DIRECT_OBJC_ISA_USAGE = YES_ERROR;
				CLANG_WARN_DOCUMENTATION_COMMENTS = YES;
				CLANG_WARN_EMPTY_BODY = YES;
				CLANG_WARN_ENUM_CONVERSION = YES;
				CLANG_WARN_INFINITE_RECURSION = YES;
				CLANG_WARN_INT_CONVERSION = YES;
				CLANG_WARN_NON_LITERAL_NULL_CONVERSION = YES;
				CLANG_WARN_OBJC_IMPLICIT_RETAIN_SELF = YES;
				CLANG_WARN_OBJC_LITERAL_CONVERSION = YES;
				CLANG_WARN_OBJC_ROOT_CLASS = YES_ERROR;
				CLANG_WARN_QUOTED_INCLUDE_IN_FRAMEWORK_HEADER = YES;
				CLANG_WARN_RANGE_LOOP_ANALYSIS = YES;
				CLANG_WARN_STRICT_PROTOTYPES = YES;
				CLANG_WARN_SUSPICIOUS_MOVE = YES;
				CLANG_WARN_UNGUARDED_AVAILABILITY = YES_AGGRESSIVE;
				CLANG_WARN_UNREACHABLE_CODE = YES;
				CLANG_WARN__DUPLICATE_METHOD_MATCH = YES;
				COPY_PHASE_STRIP = NO;
				DEBUG_INFORMATION_FORMAT = dwarf;
				ENABLE_STRICT_OBJC_MSGSEND = YES;
				ENABLE_TESTABILITY = YES;
				ENABLE_USER_SCRIPT_SANDBOXING = YES;
				GCC_C_LANGUAGE_STANDARD = gnu17;
				GCC_DYNAMIC_NO_PIC = NO;
				GCC_NO_COMMON_BLOCKS = YES;
				GCC_OPTIMIZATION_LEVEL = 0;
				GCC_PREPROCESSOR_DEFINITIONS = (
					"DEBUG=1",
					"$(inherited)",
				);
				GCC_WARN_64_TO_32_BIT_CONVERSION = YES;
				GCC_WARN_ABOUT_RETURN_TYPE = YES_ERROR;
				GCC_WARN_UNDECLARED_SELECTOR = YES;
				GCC_WARN_UNINITIALIZED_AUTOS = YES_AGGRESSIVE;
				GCC_WARN_UNUSED_FUNCTION = YES;
				GCC_WARN_UNUSED_VARIABLE = YES;
				IPHONEOS_DEPLOYMENT_TARGET = 18.0;
				LOCALIZATION_PREFERS_STRING_CATALOGS = YES;
				MTL_ENABLE_DEBUG_INFO = INCLUDE_SOURCE;
				MTL_FAST_MATH = YES;
				ONLY_ACTIVE_ARCH = YES;
				SDKROOT = iphoneos;
				SWIFT_ACTIVE_COMPILATION_CONDITIONS = "DEBUG $(inherited)";
				SWIFT_OPTIMIZATION_LEVEL = "-Onone";
			};
			name = Debug;
		};
		43688B2A2CBB0C4B00ADBFD9 /* Release */ = {
			isa = XCBuildConfiguration;
			buildSettings = {
				ALWAYS_SEARCH_USER_PATHS = NO;
				ASSETCATALOG_COMPILER_GENERATE_SWIFT_ASSET_SYMBOL_EXTENSIONS = YES;
				CLANG_ANALYZER_NONNULL = YES;
				CLANG_ANALYZER_NUMBER_OBJECT_CONVERSION = YES_AGGRESSIVE;
				CLANG_CXX_LANGUAGE_STANDARD = "gnu++20";
				CLANG_ENABLE_MODULES = YES;
				CLANG_ENABLE_OBJC_ARC = YES;
				CLANG_ENABLE_OBJC_WEAK = YES;
				CLANG_WARN_BLOCK_CAPTURE_AUTORELEASING = YES;
				CLANG_WARN_BOOL_CONVERSION = YES;
				CLANG_WARN_COMMA = YES;
				CLANG_WARN_CONSTANT_CONVERSION = YES;
				CLANG_WARN_DEPRECATED_OBJC_IMPLEMENTATIONS = YES;
				CLANG_WARN_DIRECT_OBJC_ISA_USAGE = YES_ERROR;
				CLANG_WARN_DOCUMENTATION_COMMENTS = YES;
				CLANG_WARN_EMPTY_BODY = YES;
				CLANG_WARN_ENUM_CONVERSION = YES;
				CLANG_WARN_INFINITE_RECURSION = YES;
				CLANG_WARN_INT_CONVERSION = YES;
				CLANG_WARN_NON_LITERAL_NULL_CONVERSION = YES;
				CLANG_WARN_OBJC_IMPLICIT_RETAIN_SELF = YES;
				CLANG_WARN_OBJC_LITERAL_CONVERSION = YES;
				CLANG_WARN_OBJC_ROOT_CLASS = YES_ERROR;
				CLANG_WARN_QUOTED_INCLUDE_IN_FRAMEWORK_HEADER = YES;
				CLANG_WARN_RANGE_LOOP_ANALYSIS = YES;
				CLANG_WARN_STRICT_PROTOTYPES = YES;
				CLANG_WARN_SUSPICIOUS_MOVE = YES;
				CLANG_WARN_UNGUARDED_AVAILABILITY = YES_AGGRESSIVE;
				CLANG_WARN_UNREACHABLE_CODE = YES;
				CLANG_WARN__DUPLICATE_METHOD_MATCH = YES;
				COPY_PHASE_STRIP = NO;
				DEBUG_INFORMATION_FORMAT = "dwarf-with-dsym";
				ENABLE_NS_ASSERTIONS = NO;
				ENABLE_STRICT_OBJC_MSGSEND = YES;
				ENABLE_USER_SCRIPT_SANDBOXING = YES;
				GCC_C_LANGUAGE_STANDARD = gnu17;
				GCC_NO_COMMON_BLOCKS = YES;
				GCC_WARN_64_TO_32_BIT_CONVERSION = YES;
				GCC_WARN_ABOUT_RETURN_TYPE = YES_ERROR;
				GCC_WARN_UNDECLARED_SELECTOR = YES;
				GCC_WARN_UNINITIALIZED_AUTOS = YES_AGGRESSIVE;
				GCC_WARN_UNUSED_FUNCTION = YES;
				GCC_WARN_UNUSED_VARIABLE = YES;
				IPHONEOS_DEPLOYMENT_TARGET = 18.0;
				LOCALIZATION_PREFERS_STRING_CATALOGS = YES;
				MTL_ENABLE_DEBUG_INFO = NO;
				MTL_FAST_MATH = YES;
				SDKROOT = iphoneos;
				SWIFT_COMPILATION_MODE = wholemodule;
				VALIDATE_PRODUCT = YES;
			};
			name = Release;
		};
		43688B2C2CBB0C4B00ADBFD9 /* Debug */ = {
			isa = XCBuildConfiguration;
			buildSettings = {
				ASSETCATALOG_COMPILER_APPICON_NAME = AppIcon;
				ASSETCATALOG_COMPILER_GLOBAL_ACCENT_COLOR_NAME = AccentColor;
				CODE_SIGN_STYLE = Automatic;
				CURRENT_PROJECT_VERSION = 1;
				DEVELOPMENT_ASSET_PATHS = "\"DubHacks24/Preview Content\"";
				ENABLE_PREVIEWS = YES;
				GENERATE_INFOPLIST_FILE = YES;
				INFOPLIST_KEY_UIApplicationSceneManifest_Generation = YES;
				INFOPLIST_KEY_UIApplicationSupportsIndirectInputEvents = YES;
				INFOPLIST_KEY_UILaunchScreen_Generation = YES;
				INFOPLIST_KEY_UISupportedInterfaceOrientations_iPad = "UIInterfaceOrientationPortrait UIInterfaceOrientationPortraitUpsideDown UIInterfaceOrientationLandscapeLeft UIInterfaceOrientationLandscapeRight";
				INFOPLIST_KEY_UISupportedInterfaceOrientations_iPhone = "UIInterfaceOrientationPortrait UIInterfaceOrientationLandscapeLeft UIInterfaceOrientationLandscapeRight";
				LD_RUNPATH_SEARCH_PATHS = (
					"$(inherited)",
					"@executable_path/Frameworks",
				);
				MARKETING_VERSION = 1.0;
				PRODUCT_BUNDLE_IDENTIFIER = DH.DubHacks24;
				PRODUCT_NAME = "$(TARGET_NAME)";
				SWIFT_EMIT_LOC_STRINGS = YES;
				SWIFT_VERSION = 5.0;
				TARGETED_DEVICE_FAMILY = "1,2";
			};
			name = Debug;
		};
		43688B2D2CBB0C4B00ADBFD9 /* Release */ = {
			isa = XCBuildConfiguration;
			buildSettings = {
				ASSETCATALOG_COMPILER_APPICON_NAME = AppIcon;
				ASSETCATALOG_COMPILER_GLOBAL_ACCENT_COLOR_NAME = AccentColor;
				CODE_SIGN_STYLE = Automatic;
				CURRENT_PROJECT_VERSION = 1;
				DEVELOPMENT_ASSET_PATHS = "\"DubHacks24/Preview Content\"";
				ENABLE_PREVIEWS = YES;
				GENERATE_INFOPLIST_FILE = YES;
				INFOPLIST_KEY_UIApplicationSceneManifest_Generation = YES;
				INFOPLIST_KEY_UIApplicationSupportsIndirectInputEvents = YES;
				INFOPLIST_KEY_UILaunchScreen_Generation = YES;
				INFOPLIST_KEY_UISupportedInterfaceOrientations_iPad = "UIInterfaceOrientationPortrait UIInterfaceOrientationPortraitUpsideDown UIInterfaceOrientationLandscapeLeft UIInterfaceOrientationLandscapeRight";
				INFOPLIST_KEY_UISupportedInterfaceOrientations_iPhone = "UIInterfaceOrientationPortrait UIInterfaceOrientationLandscapeLeft UIInterfaceOrientationLandscapeRight";
				LD_RUNPATH_SEARCH_PATHS = (
					"$(inherited)",
					"@executable_path/Frameworks",
				);
				MARKETING_VERSION = 1.0;
				PRODUCT_BUNDLE_IDENTIFIER = DH.DubHacks24;
				PRODUCT_NAME = "$(TARGET_NAME)";
				SWIFT_EMIT_LOC_STRINGS = YES;
				SWIFT_VERSION = 5.0;
				TARGETED_DEVICE_FAMILY = "1,2";
			};
			name = Release;
		};
		43688B2F2CBB0C4B00ADBFD9 /* Debug */ = {
			isa = XCBuildConfiguration;
			buildSettings = {
				BUNDLE_LOADER = "$(TEST_HOST)";
				CODE_SIGN_STYLE = Automatic;
				CURRENT_PROJECT_VERSION = 1;
				GENERATE_INFOPLIST_FILE = YES;
				IPHONEOS_DEPLOYMENT_TARGET = 18.0;
				MARKETING_VERSION = 1.0;
				PRODUCT_BUNDLE_IDENTIFIER = DH.DubHacks24Tests;
				PRODUCT_NAME = "$(TARGET_NAME)";
				SWIFT_EMIT_LOC_STRINGS = NO;
				SWIFT_VERSION = 5.0;
				TARGETED_DEVICE_FAMILY = "1,2";
				TEST_HOST = "$(BUILT_PRODUCTS_DIR)/DubHacks24.app/$(BUNDLE_EXECUTABLE_FOLDER_PATH)/DubHacks24";
			};
			name = Debug;
		};
		43688B302CBB0C4B00ADBFD9 /* Release */ = {
			isa = XCBuildConfiguration;
			buildSettings = {
				BUNDLE_LOADER = "$(TEST_HOST)";
				CODE_SIGN_STYLE = Automatic;
				CURRENT_PROJECT_VERSION = 1;
				GENERATE_INFOPLIST_FILE = YES;
				IPHONEOS_DEPLOYMENT_TARGET = 18.0;
				MARKETING_VERSION = 1.0;
				PRODUCT_BUNDLE_IDENTIFIER = DH.DubHacks24Tests;
				PRODUCT_NAME = "$(TARGET_NAME)";
				SWIFT_EMIT_LOC_STRINGS = NO;
				SWIFT_VERSION = 5.0;
				TARGETED_DEVICE_FAMILY = "1,2";
				TEST_HOST = "$(BUILT_PRODUCTS_DIR)/DubHacks24.app/$(BUNDLE_EXECUTABLE_FOLDER_PATH)/DubHacks24";
			};
			name = Release;
		};
		43688B322CBB0C4B00ADBFD9 /* Debug */ = {
			isa = XCBuildConfiguration;
			buildSettings = {
				CODE_SIGN_STYLE = Automatic;
				CURRENT_PROJECT_VERSION = 1;
				GENERATE_INFOPLIST_FILE = YES;
				MARKETING_VERSION = 1.0;
				PRODUCT_BUNDLE_IDENTIFIER = DH.DubHacks24UITests;
				PRODUCT_NAME = "$(TARGET_NAME)";
				SWIFT_EMIT_LOC_STRINGS = NO;
				SWIFT_VERSION = 5.0;
				TARGETED_DEVICE_FAMILY = "1,2";
				TEST_TARGET_NAME = DubHacks24;
			};
			name = Debug;
		};
		43688B332CBB0C4B00ADBFD9 /* Release */ = {
			isa = XCBuildConfiguration;
			buildSettings = {
				CODE_SIGN_STYLE = Automatic;
				CURRENT_PROJECT_VERSION = 1;
				GENERATE_INFOPLIST_FILE = YES;
				MARKETING_VERSION = 1.0;
				PRODUCT_BUNDLE_IDENTIFIER = DH.DubHacks24UITests;
				PRODUCT_NAME = "$(TARGET_NAME)";
				SWIFT_EMIT_LOC_STRINGS = NO;
				SWIFT_VERSION = 5.0;
				TARGETED_DEVICE_FAMILY = "1,2";
				TEST_TARGET_NAME = DubHacks24;
			};
			name = Release;
		};
/* End XCBuildConfiguration section */

/* Begin XCConfigurationList section */
		43688B022CBB0C4900ADBFD9 /* Build configuration list for PBXProject "DubHacks24" */ = {
			isa = XCConfigurationList;
			buildConfigurations = (
				43688B292CBB0C4B00ADBFD9 /* Debug */,
				43688B2A2CBB0C4B00ADBFD9 /* Release */,
			);
			defaultConfigurationIsVisible = 0;
			defaultConfigurationName = Release;
		};
		43688B2B2CBB0C4B00ADBFD9 /* Build configuration list for PBXNativeTarget "DubHacks24" */ = {
			isa = XCConfigurationList;
			buildConfigurations = (
				43688B2C2CBB0C4B00ADBFD9 /* Debug */,
				43688B2D2CBB0C4B00ADBFD9 /* Release */,
			);
			defaultConfigurationIsVisible = 0;
			defaultConfigurationName = Release;
		};
		43688B2E2CBB0C4B00ADBFD9 /* Build configuration list for PBXNativeTarget "DubHacks24Tests" */ = {
			isa = XCConfigurationList;
			buildConfigurations = (
				43688B2F2CBB0C4B00ADBFD9 /* Debug */,
				43688B302CBB0C4B00ADBFD9 /* Release */,
			);
			defaultConfigurationIsVisible = 0;
			defaultConfigurationName = Release;
		};
		43688B312CBB0C4B00ADBFD9 /* Build configuration list for PBXNativeTarget "DubHacks24UITests" */ = {
			isa = XCConfigurationList;
			buildConfigurations = (
				43688B322CBB0C4B00ADBFD9 /* Debug */,
				43688B332CBB0C4B00ADBFD9 /* Release */,
			);
			defaultConfigurationIsVisible = 0;
			defaultConfigurationName = Release;
		};
/* End XCConfigurationList section */
	};
	rootObject = 43688AFF2CBB0C4900ADBFD9 /* Project object */;
}
